
Microsoft Visual Studio Solution File, Format Version 12.00
# Visual Studio Version 17
VisualStudioVersion = 17.5.002.0
MinimumVisualStudioVersion = 10.0.40219.1
Project("{9A19103F-16F7-4668-BE54-9A1E7A4F7556}") = "Csharp-digix", "Csharp-digix\Csharp-digix.csproj", "{67B7E737-E974-42D3-BFA1-15244321B240}"
EndProject
Project("{FAE04EC0-301F-11D3-BF4B-00C04F79EFBC}") = "Aula3", "Aula3\Aula3.csproj", "{B71DBF65-5B73-4A73-A26E-4779750F4BA1}"
EndProject
Project("{FAE04EC0-301F-11D3-BF4B-00C04F79EFBC}") = "Aula2", "Aula2\Aula2.csproj", "{24793946-3AAB-4438-9896-7F5B38B5727C}"
EndProject
Project("{FAE04EC0-301F-11D3-BF4B-00C04F79EFBC}") = "Exercicio", "Exercicio\Exercicio.csproj", "{4032D65A-D873-4F7C-8270-6664026C04CA}"
EndProject
Project("{FAE04EC0-301F-11D3-BF4B-00C04F79EFBC}") = "Aula4", "Aula4\Aula4.csproj", "{9B881840-C158-44C4-AF01-559F44B3DE6F}"
EndProject
Project("{FAE04EC0-301F-11D3-BF4B-00C04F79EFBC}") = "Aula6", "Aula6\Aula6.csproj", "{F719C93D-2A6F-4E56-89DB-1DA46B1C70CC}"
EndProject
Project("{FAE04EC0-301F-11D3-BF4B-00C04F79EFBC}") = "Exercicio_função", "Exercicio_função\Exercicio_função.csproj", "{1693275C-A2C3-4D5B-A1E4-0AFD8B8A68C9}"
EndProject
Project("{FAE04EC0-301F-11D3-BF4B-00C04F79EFBC}") = "Aula9", "Aula9\Aula9.csproj", "{C2765769-297B-4CD6-95AC-37A91A165709}"
EndProject
Project("{FAE04EC0-301F-11D3-BF4B-00C04F79EFBC}") = "desafio", "desafio\desafio.csproj", "{05F00636-FB4B-4E5F-B23B-0497D95A0105}"
EndProject
Project("{FAE04EC0-301F-11D3-BF4B-00C04F79EFBC}") = "Aula10", "Aula10\Aula10.csproj", "{15D0F881-C6E7-4EF8-A818-A95E8750EB13}"
EndProject
Project("{FAE04EC0-301F-11D3-BF4B-00C04F79EFBC}") = "Exercicio_Recursivo", "Exercicio_Recursivo\Exercicio_Recursivo.csproj", "{5C71930C-DAA4-41CB-B35E-6A005D9A2651}"
EndProject
Project("{FAE04EC0-301F-11D3-BF4B-00C04F79EFBC}") = "Aula11", "Aula11\Aula11.csproj", "{466B4C43-2215-463F-9F39-1C85940F22DE}"
EndProject
Project("{FAE04EC0-301F-11D3-BF4B-00C04F79EFBC}") = "Aula12", "Aula12\Aula12.csproj", "{E82A8EEA-7714-4962-B197-960B05023962}"
EndProject
Project("{FAE04EC0-301F-11D3-BF4B-00C04F79EFBC}") = "Exercicio_Sort", "Exercicio_Sort\Exercicio_Sort.csproj", "{B43D24E9-0FFE-4216-B9E2-F0A2E3B51BD1}"
EndProject
Project("{FAE04EC0-301F-11D3-BF4B-00C04F79EFBC}") = "Aula13", "Aula13\Aula13.csproj", "{31759588-B81E-42DB-ADE0-0C94217B7D81}"
EndProject
Project("{FAE04EC0-301F-11D3-BF4B-00C04F79EFBC}") = "Aula14", "Aula14\Aula14.csproj", "{D1E21A5A-53F9-4935-A6A2-64B8071E22AF}"
EndProject
Project("{FAE04EC0-301F-11D3-BF4B-00C04F79EFBC}") = "Aula15_OO", "Aula15_OO\Aula15_OO.csproj", "{B3628EF1-8C19-4A84-B266-02E580648C44}"
EndProject
Project("{FAE04EC0-301F-11D3-BF4B-00C04F79EFBC}") = "Aula16_OO", "Aula16_OO\Aula16_OO.csproj", "{512151A9-D4C1-4F0E-BA52-998996E83D5E}"
EndProject
Project("{FAE04EC0-301F-11D3-BF4B-00C04F79EFBC}") = "Aula17_OO", "Aula17_OO\Aula17_OO.csproj", "{63558873-8175-45C1-874C-A539D459D1D0}"
EndProject
Project("{FAE04EC0-301F-11D3-BF4B-00C04F79EFBC}") = "Aula17_OO_Polimorfismo", "Aula17_OO_Polimorfismo\Aula17_OO_Polimorfismo.csproj", "{C0E21D56-4983-418B-AEDD-E5DA183DF841}"
EndProject
Global
	GlobalSection(SolutionConfigurationPlatforms) = preSolution
		Debug|Any CPU = Debug|Any CPU
		Release|Any CPU = Release|Any CPU
	EndGlobalSection
	GlobalSection(ProjectConfigurationPlatforms) = postSolution
		{67B7E737-E974-42D3-BFA1-15244321B240}.Debug|Any CPU.ActiveCfg = Debug|Any CPU
		{67B7E737-E974-42D3-BFA1-15244321B240}.Debug|Any CPU.Build.0 = Debug|Any CPU
		{67B7E737-E974-42D3-BFA1-15244321B240}.Release|Any CPU.ActiveCfg = Release|Any CPU
		{67B7E737-E974-42D3-BFA1-15244321B240}.Release|Any CPU.Build.0 = Release|Any CPU
		{B71DBF65-5B73-4A73-A26E-4779750F4BA1}.Debug|Any CPU.ActiveCfg = Debug|Any CPU
		{B71DBF65-5B73-4A73-A26E-4779750F4BA1}.Debug|Any CPU.Build.0 = Debug|Any CPU
		{B71DBF65-5B73-4A73-A26E-4779750F4BA1}.Release|Any CPU.ActiveCfg = Release|Any CPU
		{B71DBF65-5B73-4A73-A26E-4779750F4BA1}.Release|Any CPU.Build.0 = Release|Any CPU
		{24793946-3AAB-4438-9896-7F5B38B5727C}.Debug|Any CPU.ActiveCfg = Debug|Any CPU
		{24793946-3AAB-4438-9896-7F5B38B5727C}.Debug|Any CPU.Build.0 = Debug|Any CPU
		{24793946-3AAB-4438-9896-7F5B38B5727C}.Release|Any CPU.ActiveCfg = Release|Any CPU
		{24793946-3AAB-4438-9896-7F5B38B5727C}.Release|Any CPU.Build.0 = Release|Any CPU
		{225FB641-6571-463F-9B19-9ECB9D7EEBFB}.Debug|Any CPU.ActiveCfg = Debug|Any CPU
		{225FB641-6571-463F-9B19-9ECB9D7EEBFB}.Debug|Any CPU.Build.0 = Debug|Any CPU
		{225FB641-6571-463F-9B19-9ECB9D7EEBFB}.Release|Any CPU.ActiveCfg = Release|Any CPU
		{225FB641-6571-463F-9B19-9ECB9D7EEBFB}.Release|Any CPU.Build.0 = Release|Any CPU
		{4032D65A-D873-4F7C-8270-6664026C04CA}.Debug|Any CPU.ActiveCfg = Debug|Any CPU
		{4032D65A-D873-4F7C-8270-6664026C04CA}.Debug|Any CPU.Build.0 = Debug|Any CPU
		{4032D65A-D873-4F7C-8270-6664026C04CA}.Release|Any CPU.ActiveCfg = Release|Any CPU
		{4032D65A-D873-4F7C-8270-6664026C04CA}.Release|Any CPU.Build.0 = Release|Any CPU
		{9B881840-C158-44C4-AF01-559F44B3DE6F}.Debug|Any CPU.ActiveCfg = Debug|Any CPU
		{9B881840-C158-44C4-AF01-559F44B3DE6F}.Debug|Any CPU.Build.0 = Debug|Any CPU
		{9B881840-C158-44C4-AF01-559F44B3DE6F}.Release|Any CPU.ActiveCfg = Release|Any CPU
		{9B881840-C158-44C4-AF01-559F44B3DE6F}.Release|Any CPU.Build.0 = Release|Any CPU
		{F719C93D-2A6F-4E56-89DB-1DA46B1C70CC}.Debug|Any CPU.ActiveCfg = Debug|Any CPU
		{F719C93D-2A6F-4E56-89DB-1DA46B1C70CC}.Debug|Any CPU.Build.0 = Debug|Any CPU
		{F719C93D-2A6F-4E56-89DB-1DA46B1C70CC}.Release|Any CPU.ActiveCfg = Release|Any CPU
		{F719C93D-2A6F-4E56-89DB-1DA46B1C70CC}.Release|Any CPU.Build.0 = Release|Any CPU
		{1693275C-A2C3-4D5B-A1E4-0AFD8B8A68C9}.Debug|Any CPU.ActiveCfg = Debug|Any CPU
		{1693275C-A2C3-4D5B-A1E4-0AFD8B8A68C9}.Debug|Any CPU.Build.0 = Debug|Any CPU
		{1693275C-A2C3-4D5B-A1E4-0AFD8B8A68C9}.Release|Any CPU.ActiveCfg = Release|Any CPU
		{1693275C-A2C3-4D5B-A1E4-0AFD8B8A68C9}.Release|Any CPU.Build.0 = Release|Any CPU
		{C2765769-297B-4CD6-95AC-37A91A165709}.Debug|Any CPU.ActiveCfg = Debug|Any CPU
		{C2765769-297B-4CD6-95AC-37A91A165709}.Debug|Any CPU.Build.0 = Debug|Any CPU
		{C2765769-297B-4CD6-95AC-37A91A165709}.Release|Any CPU.ActiveCfg = Release|Any CPU
		{C2765769-297B-4CD6-95AC-37A91A165709}.Release|Any CPU.Build.0 = Release|Any CPU
		{05F00636-FB4B-4E5F-B23B-0497D95A0105}.Debug|Any CPU.ActiveCfg = Debug|Any CPU
		{05F00636-FB4B-4E5F-B23B-0497D95A0105}.Debug|Any CPU.Build.0 = Debug|Any CPU
		{05F00636-FB4B-4E5F-B23B-0497D95A0105}.Release|Any CPU.ActiveCfg = Release|Any CPU
		{05F00636-FB4B-4E5F-B23B-0497D95A0105}.Release|Any CPU.Build.0 = Release|Any CPU
		{15D0F881-C6E7-4EF8-A818-A95E8750EB13}.Debug|Any CPU.ActiveCfg = Debug|Any CPU
		{15D0F881-C6E7-4EF8-A818-A95E8750EB13}.Debug|Any CPU.Build.0 = Debug|Any CPU
		{15D0F881-C6E7-4EF8-A818-A95E8750EB13}.Release|Any CPU.ActiveCfg = Release|Any CPU
		{15D0F881-C6E7-4EF8-A818-A95E8750EB13}.Release|Any CPU.Build.0 = Release|Any CPU
		{5C71930C-DAA4-41CB-B35E-6A005D9A2651}.Debug|Any CPU.ActiveCfg = Debug|Any CPU
		{5C71930C-DAA4-41CB-B35E-6A005D9A2651}.Debug|Any CPU.Build.0 = Debug|Any CPU
		{5C71930C-DAA4-41CB-B35E-6A005D9A2651}.Release|Any CPU.ActiveCfg = Release|Any CPU
		{5C71930C-DAA4-41CB-B35E-6A005D9A2651}.Release|Any CPU.Build.0 = Release|Any CPU
		{466B4C43-2215-463F-9F39-1C85940F22DE}.Debug|Any CPU.ActiveCfg = Debug|Any CPU
		{466B4C43-2215-463F-9F39-1C85940F22DE}.Debug|Any CPU.Build.0 = Debug|Any CPU
		{466B4C43-2215-463F-9F39-1C85940F22DE}.Release|Any CPU.ActiveCfg = Release|Any CPU
		{466B4C43-2215-463F-9F39-1C85940F22DE}.Release|Any CPU.Build.0 = Release|Any CPU
		{E82A8EEA-7714-4962-B197-960B05023962}.Debug|Any CPU.ActiveCfg = Debug|Any CPU
		{E82A8EEA-7714-4962-B197-960B05023962}.Debug|Any CPU.Build.0 = Debug|Any CPU
		{E82A8EEA-7714-4962-B197-960B05023962}.Release|Any CPU.ActiveCfg = Release|Any CPU
		{E82A8EEA-7714-4962-B197-960B05023962}.Release|Any CPU.Build.0 = Release|Any CPU
		{B43D24E9-0FFE-4216-B9E2-F0A2E3B51BD1}.Debug|Any CPU.ActiveCfg = Debug|Any CPU
		{B43D24E9-0FFE-4216-B9E2-F0A2E3B51BD1}.Debug|Any CPU.Build.0 = Debug|Any CPU
		{B43D24E9-0FFE-4216-B9E2-F0A2E3B51BD1}.Release|Any CPU.ActiveCfg = Release|Any CPU
		{B43D24E9-0FFE-4216-B9E2-F0A2E3B51BD1}.Release|Any CPU.Build.0 = Release|Any CPU
		{31759588-B81E-42DB-ADE0-0C94217B7D81}.Debug|Any CPU.ActiveCfg = Debug|Any CPU
		{31759588-B81E-42DB-ADE0-0C94217B7D81}.Debug|Any CPU.Build.0 = Debug|Any CPU
		{31759588-B81E-42DB-ADE0-0C94217B7D81}.Release|Any CPU.ActiveCfg = Release|Any CPU
		{31759588-B81E-42DB-ADE0-0C94217B7D81}.Release|Any CPU.Build.0 = Release|Any CPU
		{D1E21A5A-53F9-4935-A6A2-64B8071E22AF}.Debug|Any CPU.ActiveCfg = Debug|Any CPU
		{D1E21A5A-53F9-4935-A6A2-64B8071E22AF}.Debug|Any CPU.Build.0 = Debug|Any CPU
		{D1E21A5A-53F9-4935-A6A2-64B8071E22AF}.Release|Any CPU.ActiveCfg = Release|Any CPU
		{D1E21A5A-53F9-4935-A6A2-64B8071E22AF}.Release|Any CPU.Build.0 = Release|Any CPU
		{B3628EF1-8C19-4A84-B266-02E580648C44}.Debug|Any CPU.ActiveCfg = Debug|Any CPU
		{B3628EF1-8C19-4A84-B266-02E580648C44}.Debug|Any CPU.Build.0 = Debug|Any CPU
		{B3628EF1-8C19-4A84-B266-02E580648C44}.Release|Any CPU.ActiveCfg = Release|Any CPU
		{B3628EF1-8C19-4A84-B266-02E580648C44}.Release|Any CPU.Build.0 = Release|Any CPU
		{512151A9-D4C1-4F0E-BA52-998996E83D5E}.Debug|Any CPU.ActiveCfg = Debug|Any CPU
		{512151A9-D4C1-4F0E-BA52-998996E83D5E}.Debug|Any CPU.Build.0 = Debug|Any CPU
		{512151A9-D4C1-4F0E-BA52-998996E83D5E}.Release|Any CPU.ActiveCfg = Release|Any CPU
		{512151A9-D4C1-4F0E-BA52-998996E83D5E}.Release|Any CPU.Build.0 = Release|Any CPU
		{63558873-8175-45C1-874C-A539D459D1D0}.Debug|Any CPU.ActiveCfg = Debug|Any CPU
		{63558873-8175-45C1-874C-A539D459D1D0}.Debug|Any CPU.Build.0 = Debug|Any CPU
		{63558873-8175-45C1-874C-A539D459D1D0}.Release|Any CPU.ActiveCfg = Release|Any CPU
		{63558873-8175-45C1-874C-A539D459D1D0}.Release|Any CPU.Build.0 = Release|Any CPU
		{C0E21D56-4983-418B-AEDD-E5DA183DF841}.Debug|Any CPU.ActiveCfg = Debug|Any CPU
		{C0E21D56-4983-418B-AEDD-E5DA183DF841}.Debug|Any CPU.Build.0 = Debug|Any CPU
		{C0E21D56-4983-418B-AEDD-E5DA183DF841}.Release|Any CPU.ActiveCfg = Release|Any CPU
		{C0E21D56-4983-418B-AEDD-E5DA183DF841}.Release|Any CPU.Build.0 = Release|Any CPU
	EndGlobalSection
	GlobalSection(SolutionProperties) = preSolution
		HideSolutionNode = FALSE
	EndGlobalSection
	GlobalSection(ExtensibilityGlobals) = postSolution
		SolutionGuid = {439F055F-0BCC-41D7-B459-550A9BD29CCB}
	EndGlobalSection
EndGlobal
